
Microsoft Visual Studio Solution File, Format Version 12.00
# Visual Studio 15
VisualStudioVersion = 15.0.27130.2020
MinimumVisualStudioVersion = 10.0.40219.1
Project("{9092AA53-FB77-4645-B42D-1CCCA6BD08BD}") = "platforms-wasm", "app\platforms-wasm.njsproj", "{4D496135-168D-4AB6-A63F-758280ED1817}"
EndProject
Global
	GlobalSection(SolutionConfigurationPlatforms) = preSolution
		Debug|Any CPU = Debug|Any CPU
		Release|Any CPU = Release|Any CPU
	EndGlobalSection
	GlobalSection(ProjectConfigurationPlatforms) = postSolution
		{4D496135-168D-4AB6-A63F-758280ED1817}.Debug|Any CPU.ActiveCfg = Debug|Any CPU
		{4D496135-168D-4AB6-A63F-758280ED1817}.Debug|Any CPU.Build.0 = Debug|Any CPU
		{4D496135-168D-4AB6-A63F-758280ED1817}.Release|Any CPU.ActiveCfg = Release|Any CPU
		{4D496135-168D-4AB6-A63F-758280ED1817}.Release|Any CPU.Build.0 = Release|Any CPU
	EndGlobalSection
	GlobalSection(SolutionProperties) = preSolution
		HideSolutionNode = FALSE
	EndGlobalSection
	GlobalSection(ExtensibilityGlobals) = postSolution
		SolutionGuid = {1B547B60-9ECC-4CED-BB8A-31EAF5497595}
	EndGlobalSection
EndGlobal
